
Microsoft Visual Studio Solution File, Format Version 12.00
# Visual Studio Version 17
VisualStudioVersion = 17.3.32901.215
MinimumVisualStudioVersion = 10.0.40219.1
Project("{9A19103F-16F7-4668-BE54-9A1E7A4F7556}") = "Exercise02-JSON", "Exercise02-JSON.csproj", "{11D9ABBF-1455-43BF-B048-F17530EB8D22}"
EndProject
Global
	GlobalSection(SolutionConfigurationPlatforms) = preSolution
		Debug|Any CPU = Debug|Any CPU
		Release|Any CPU = Release|Any CPU
	EndGlobalSection
	GlobalSection(ProjectConfigurationPlatforms) = postSolution
		{11D9ABBF-1455-43BF-B048-F17530EB8D22}.Debug|Any CPU.ActiveCfg = Debug|Any CPU
		{11D9ABBF-1455-43BF-B048-F17530EB8D22}.Debug|Any CPU.Build.0 = Debug|Any CPU
		{11D9ABBF-1455-43BF-B048-F17530EB8D22}.Release|Any CPU.ActiveCfg = Release|Any CPU
		{11D9ABBF-1455-43BF-B048-F17530EB8D22}.Release|Any CPU.Build.0 = Release|Any CPU
	EndGlobalSection
	GlobalSection(SolutionProperties) = preSolution
		HideSolutionNode = FALSE
	EndGlobalSection
	GlobalSection(ExtensibilityGlobals) = postSolution
		SolutionGuid = {9822EA9E-BF7E-4AF0-B163-97A01F6C8FB2}
	EndGlobalSection
	GlobalSection(TeamFoundationVersionControl) = preSolution
		SccNumberOfProjects = 2
		SccEnterpriseProvider = {4CA58AB2-18FA-4F8D-95D4-32DDF27D184C}
		SccTeamFoundationServer = https://cisteam.otc.edu/tfs/cj0549243
		SccLocalPath0 = .
		SccProjectUniqueName1 = Exercise02-JSON.csproj
		SccLocalPath1 = .
	EndGlobalSection
EndGlobal
